
Microsoft Visual Studio Solution File, Format Version 12.00
# Visual Studio Version 16
VisualStudioVersion = 16.0.30204.135
MinimumVisualStudioVersion = 10.0.40219.1
Project("{FAE04EC0-301F-11D3-BF4B-00C04F79EFBC}") = "Asp.NetCoreLearn", "Asp.NetCoreLearn\Asp.NetCoreLearn.csproj", "{5C88706C-0424-47E3-9A3D-5E6E519BC65F}"
EndProject
Project("{FAE04EC0-301F-11D3-BF4B-00C04F79EFBC}") = "RozarPagesMovie", "RozarPagesMovie\RozarPagesMovie.csproj", "{79D4F033-07EC-4325-BBA6-C0ADEFE9F142}"
EndProject
Global
	GlobalSection(SolutionConfigurationPlatforms) = preSolution
		Debug|Any CPU = Debug|Any CPU
		Release|Any CPU = Release|Any CPU
	EndGlobalSection
	GlobalSection(ProjectConfigurationPlatforms) = postSolution
		{5C88706C-0424-47E3-9A3D-5E6E519BC65F}.Debug|Any CPU.ActiveCfg = Debug|Any CPU
		{5C88706C-0424-47E3-9A3D-5E6E519BC65F}.Debug|Any CPU.Build.0 = Debug|Any CPU
		{5C88706C-0424-47E3-9A3D-5E6E519BC65F}.Release|Any CPU.ActiveCfg = Release|Any CPU
		{5C88706C-0424-47E3-9A3D-5E6E519BC65F}.Release|Any CPU.Build.0 = Release|Any CPU
		{79D4F033-07EC-4325-BBA6-C0ADEFE9F142}.Debug|Any CPU.ActiveCfg = Debug|Any CPU
		{79D4F033-07EC-4325-BBA6-C0ADEFE9F142}.Debug|Any CPU.Build.0 = Debug|Any CPU
		{79D4F033-07EC-4325-BBA6-C0ADEFE9F142}.Release|Any CPU.ActiveCfg = Release|Any CPU
		{79D4F033-07EC-4325-BBA6-C0ADEFE9F142}.Release|Any CPU.Build.0 = Release|Any CPU
	EndGlobalSection
	GlobalSection(SolutionProperties) = preSolution
		HideSolutionNode = FALSE
	EndGlobalSection
	GlobalSection(ExtensibilityGlobals) = postSolution
		SolutionGuid = {62169392-4491-49CD-8FE2-ADCCE38243A5}
	EndGlobalSection
EndGlobal
